<?xml version="1.0" encoding="utf-8"?>
<Project ToolsVersion="4.0" xmlns="http://schemas.microsoft.com/developer/msbuild/2003">
  <ItemGroup>
    <Filter Include="源文件">
      <UniqueIdentifier>{4FC737F1-C7A5-4376-A066-2A32D752A2FF}</UniqueIdentifier>
      <Extensions>cpp;c;cc;cxx;c++;cppm;ixx;def;odl;idl;hpj;bat;asm;asmx</Extensions>
    </Filter>
    <Filter Include="头文件">
      <UniqueIdentifier>{93995380-89BD-4b04-88EB-625FBE52EBFB}</UniqueIdentifier>
      <Extensions>h;hh;hpp;hxx;h++;hm;inl;inc;ipp;xsd</Extensions>
    </Filter>
    <Filter Include="资源文件">
      <UniqueIdentifier>{67DA6AB6-F800-4c08-8B7A-83BB121AAD01}</UniqueIdentifier>
      <Extensions>rc;ico;cur;bmp;dlg;rc2;rct;bin;rgs;gif;jpg;jpeg;jpe;resx;tiff;tif;png;wav;mfcribbon-ms</Extensions>
    </Filter>
  </ItemGroup>
  <ItemGroup>
    <ClCompile Include="..\src\main.cpp">
      <Filter>源文件</Filter>
    </ClCompile>
    <ClCompile Include="..\src\ui\win32\DataHandler.cpp">
      <Filter>源文件</Filter>
    </ClCompile>
    <ClCompile Include="..\src\ui\win32\MainWinForm.cpp">
      <Filter>源文件</Filter>
    </ClCompile>
    <ClCompile Include="..\src\core\crypto\hmac.cpp">
      <Filter>源文件</Filter>
    </ClCompile>
    <ClCompile Include="..\src\core\crypto\sha1.cpp">
      <Filter>源文件</Filter>
    </ClCompile>
    <ClCompile Include="..\src\core\crypto\sha3.cpp">
      <Filter>源文件</Filter>
    </ClCompile>
    <ClCompile Include="..\src\core\crypto\sha224.cpp">
      <Filter>源文件</Filter>
    </ClCompile>
    <ClCompile Include="..\src\core\crypto\sha256.cpp">
      <Filter>源文件</Filter>
    </ClCompile>
    <ClCompile Include="..\src\core\crypto\sha384.cpp">
      <Filter>源文件</Filter>
    </ClCompile>
    <ClCompile Include="..\src\core\crypto\sha512.cpp">
      <Filter>源文件</Filter>
    </ClCompile>
    <ClCompile Include="..\src\core\crypto\sm3.cpp">
      <Filter>源文件</Filter>
    </ClCompile>
    <ClCompile Include="..\src\core\crypto\sha512_256.cpp">
      <Filter>源文件</Filter>
    </ClCompile>
    <ClCompile Include="..\src\core\crypto\sha512_224.cpp">
      <Filter>源文件</Filter>
    </ClCompile>
    <ClCompile Include="..\src\core\data\globaldata.cpp">
      <Filter>源文件</Filter>
    </ClCompile>
    <ClCompile Include="..\src\core\digit_convert\base32.cpp">
      <Filter>源文件</Filter>
    </ClCompile>
    <ClCompile Include="..\src\core\digit_convert\base64.cpp">
      <Filter>源文件</Filter>
    </ClCompile>
    <ClCompile Include="..\src\core\digit_convert\hexString.cpp">
      <Filter>源文件</Filter>
    </ClCompile>
    <ClCompile Include="..\src\core\i18n\i18n.cpp">
      <Filter>源文件</Filter>
    </ClCompile>
    <ClCompile Include="..\src\core\otp\otp.cpp">
      <Filter>源文件</Filter>
    </ClCompile>
    <ClCompile Include="..\src\core\sntp\sntp-windows.cpp">
      <Filter>源文件</Filter>
    </ClCompile>
    <ClCompile Include="..\src\ui\win32\targetver.h">
      <Filter>头文件</Filter>
    </ClCompile>
  </ItemGroup>
  <ItemGroup>
    <ClInclude Include="..\src\ui\win32\resource.h">
      <Filter>头文件</Filter>
    </ClInclude>
    <ClInclude Include="..\src\ui\win32\MainWinForm.h">
      <Filter>头文件</Filter>
    </ClInclude>
    <ClInclude Include="..\src\ui\win32\DataHandler.h">
      <Filter>头文件</Filter>
    </ClInclude>
    <ClInclude Include="..\src\core\crypto\sha1.h">
      <Filter>头文件</Filter>
    </ClInclude>
    <ClInclude Include="..\src\core\crypto\sha3.h">
      <Filter>头文件</Filter>
    </ClInclude>
    <ClInclude Include="..\src\core\crypto\sha224.h">
      <Filter>头文件</Filter>
    </ClInclude>
    <ClInclude Include="..\src\core\crypto\sha256.h">
      <Filter>头文件</Filter>
    </ClInclude>
    <ClInclude Include="..\src\core\crypto\sha384.h">
      <Filter>头文件</Filter>
    </ClInclude>
    <ClInclude Include="..\src\core\crypto\sha512.h">
      <Filter>头文件</Filter>
    </ClInclude>
    <ClInclude Include="..\src\core\crypto\sha512_224.h">
      <Filter>头文件</Filter>
    </ClInclude>
    <ClInclude Include="..\src\core\crypto\sha512_256.h">
      <Filter>头文件</Filter>
    </ClInclude>
    <ClInclude Include="..\src\core\crypto\sm3.h">
      <Filter>头文件</Filter>
    </ClInclude>
    <ClInclude Include="..\src\core\digit_convert\base32.h">
      <Filter>头文件</Filter>
    </ClInclude>
    <ClInclude Include="..\src\core\digit_convert\base64.h">
      <Filter>头文件</Filter>
    </ClInclude>
    <ClInclude Include="..\src\core\digit_convert\hexString.h">
      <Filter>头文件</Filter>
    </ClInclude>
    <ClInclude Include="..\src\core\include\encode.h">
      <Filter>头文件</Filter>
    </ClInclude>
    <ClInclude Include="..\src\core\include\hash.h">
      <Filter>头文件</Filter>
    </ClInclude>
    <ClInclude Include="..\src\core\include\hmac.h">
      <Filter>头文件</Filter>
    </ClInclude>
    <ClInclude Include="..\src\include\common.h">
      <Filter>头文件</Filter>
    </ClInclude>
    <ClInclude Include="..\src\include\globaldata.h">
      <Filter>头文件</Filter>
    </ClInclude>
    <ClInclude Include="..\src\include\i18n.h">
      <Filter>头文件</Filter>
    </ClInclude>
    <ClInclude Include="..\src\include\otp.h">
      <Filter>头文件</Filter>
    </ClInclude>
    <ClInclude Include="..\src\include\sntp.h">
      <Filter>头文件</Filter>
    </ClInclude>
  </ItemGroup>
  <ItemGroup>
    <Image Include="..\src\ui\win32\client.ico">
      <Filter>资源文件</Filter>
    </Image>
  </ItemGroup>
  <ItemGroup>
    <ResourceCompile Include="..\src\ui\win32\Resources.rc">
      <Filter>资源文件</Filter>
    </ResourceCompile>
  </ItemGroup>
  <ItemGroup>
    <Manifest Include="..\res\OTP-Client.exe.manifest" />
  </ItemGroup>
</Project>